
Microsoft Visual Studio Solution File, Format Version 12.00
# Visual Studio Version 16
VisualStudioVersion = 16.0.29025.244
MinimumVisualStudioVersion = 10.0.40219.1
Project("{FAE04EC0-301F-11D3-BF4B-00C04F79EFBC}") = "Flapes", "Flapes\Flapes.csproj", "{D86831B9-F874-442C-9A48-FBE695008CF4}"
EndProject
Global
	GlobalSection(SolutionConfigurationPlatforms) = preSolution
		Debug|Any CPU = Debug|Any CPU
		Release|Any CPU = Release|Any CPU
	EndGlobalSection
	GlobalSection(ProjectConfigurationPlatforms) = postSolution
		{D86831B9-F874-442C-9A48-FBE695008CF4}.Debug|Any CPU.ActiveCfg = Debug|Any CPU
		{D86831B9-F874-442C-9A48-FBE695008CF4}.Debug|Any CPU.Build.0 = Debug|Any CPU
		{D86831B9-F874-442C-9A48-FBE695008CF4}.Release|Any CPU.ActiveCfg = Release|Any CPU
		{D86831B9-F874-442C-9A48-FBE695008CF4}.Release|Any CPU.Build.0 = Release|Any CPU
	EndGlobalSection
	GlobalSection(SolutionProperties) = preSolution
		HideSolutionNode = FALSE
	EndGlobalSection
	GlobalSection(ExtensibilityGlobals) = postSolution
		SolutionGuid = {5F56EC3D-95B4-4DD6-A814-AAFC0EFB7E18}
	EndGlobalSection
EndGlobal
